
Microsoft Visual Studio Solution File, Format Version 12.00
# Visual Studio Version 17
VisualStudioVersion = 17.0.31903.59
MinimumVisualStudioVersion = 10.0.40219.1
Project("{2150E333-8FDC-42A3-9474-1A3956D46DE8}") = "Domain", "Domain", "{79433D1B-E570-4260-A0D1-D2C4B06702BD}"
EndProject
Project("{9A19103F-16F7-4668-BE54-9A1E7A4F7556}") = "ERP.Domain.Core", "Domain\ERP.Domain.Core\ERP.Domain.Core.csproj", "{5C4A081C-4776-4994-89F3-E4152C777EFA}"
EndProject
Project("{2150E333-8FDC-42A3-9474-1A3956D46DE8}") = "Application", "Application", "{8DF9FC36-7E87-4797-8325-9179C049FD2C}"
EndProject
Project("{9A19103F-16F7-4668-BE54-9A1E7A4F7556}") = "ERP.Application.AcademicApp", "Application\ERP.Application.AcademicApp\ERP.Application.AcademicApp.csproj", "{58F3C5B7-D250-450A-99D6-606771AA4DA6}"
EndProject
Project("{9A19103F-16F7-4668-BE54-9A1E7A4F7556}") = "ERP.Application.AdminApp", "Application\ERP.Application.AdminApp\ERP.Application.AdminApp.csproj", "{3FA88F74-0124-435E-826C-9F182C1EDA8A}"
EndProject
Project("{9A19103F-16F7-4668-BE54-9A1E7A4F7556}") = "ERP.Application.DepartmentApp", "Application\ERP.Application.DepartmentApp\ERP.Application.DepartmentApp.csproj", "{D01552EE-6033-45C1-9588-0E0126DF1F1E}"
EndProject
Project("{9A19103F-16F7-4668-BE54-9A1E7A4F7556}") = "ERP.Application.StaffApp", "Application\ERP.Application.StaffApp\ERP.Application.StaffApp.csproj", "{387B72B0-819D-4ECB-931A-25C9E934DADB}"
EndProject
Project("{2150E333-8FDC-42A3-9474-1A3956D46DE8}") = "UI", "UI", "{E4CB65D1-5266-432A-888F-E8CACE4E52F6}"
EndProject
Project("{9A19103F-16F7-4668-BE54-9A1E7A4F7556}") = "ERP.BlazorUI", "UI\ERP.BlazorUI\ERP.BlazorUI.csproj", "{4C33389D-87D2-4724-95AB-66BA13EA9338}"
EndProject
Project("{9A19103F-16F7-4668-BE54-9A1E7A4F7556}") = "ERP.RazorComponents", "UI\ERP.RazorComponents\ERP.RazorComponents.csproj", "{2BF8CC6B-7B27-4868-BE82-8C2DD81398EC}"
EndProject
Project("{2150E333-8FDC-42A3-9474-1A3956D46DE8}") = "Infrastructure", "Infrastructure", "{76750E1C-1DC9-4C05-AD01-9743BC1F697C}"
EndProject
Project("{9A19103F-16F7-4668-BE54-9A1E7A4F7556}") = "ERP.Repository.InMemory", "Infrastructure\ERP.Repository.InMemory\ERP.Repository.InMemory.csproj", "{CC9BF33F-4134-41D5-A522-0093BC050825}"
EndProject
Project("{9A19103F-16F7-4668-BE54-9A1E7A4F7556}") = "ERP.Application.StudentApp", "Application\ERP.Application.StudentApp\ERP.Application.StudentApp.csproj", "{EC27267A-255D-4676-B245-7BE1F4223745}"
EndProject
Project("{9A19103F-16F7-4668-BE54-9A1E7A4F7556}") = "ERP.Repository.PgSql", "Infrastructure\ERP.Repository.PgSql\ERP.Repository.PgSql.csproj", "{3977C85E-6B8F-4D99-80FD-F30B4B445775}"
EndProject
Project("{9A19103F-16F7-4668-BE54-9A1E7A4F7556}") = "ERP.Repository.SQLite", "Infrastructure\ERP.Repository.SQLite\ERP.Repository.SQLite.csproj", "{3CA846A6-349E-46F9-B083-B052FAF92B47}"
EndProject
Project("{9A19103F-16F7-4668-BE54-9A1E7A4F7556}") = "ERP.BlazorUI.Identity", "UI\ERP.BlazorUI.Identity\ERP.BlazorUI.Identity.csproj", "{483661FA-262E-4FB2-88BC-EF29170C5C8C}"
EndProject
Global
	GlobalSection(SolutionConfigurationPlatforms) = preSolution
		Debug|Any CPU = Debug|Any CPU
		Release|Any CPU = Release|Any CPU
	EndGlobalSection
	GlobalSection(ProjectConfigurationPlatforms) = postSolution
		{5C4A081C-4776-4994-89F3-E4152C777EFA}.Debug|Any CPU.ActiveCfg = Debug|Any CPU
		{5C4A081C-4776-4994-89F3-E4152C777EFA}.Debug|Any CPU.Build.0 = Debug|Any CPU
		{5C4A081C-4776-4994-89F3-E4152C777EFA}.Release|Any CPU.ActiveCfg = Release|Any CPU
		{5C4A081C-4776-4994-89F3-E4152C777EFA}.Release|Any CPU.Build.0 = Release|Any CPU
		{58F3C5B7-D250-450A-99D6-606771AA4DA6}.Debug|Any CPU.ActiveCfg = Debug|Any CPU
		{58F3C5B7-D250-450A-99D6-606771AA4DA6}.Debug|Any CPU.Build.0 = Debug|Any CPU
		{58F3C5B7-D250-450A-99D6-606771AA4DA6}.Release|Any CPU.ActiveCfg = Release|Any CPU
		{58F3C5B7-D250-450A-99D6-606771AA4DA6}.Release|Any CPU.Build.0 = Release|Any CPU
		{3FA88F74-0124-435E-826C-9F182C1EDA8A}.Debug|Any CPU.ActiveCfg = Debug|Any CPU
		{3FA88F74-0124-435E-826C-9F182C1EDA8A}.Debug|Any CPU.Build.0 = Debug|Any CPU
		{3FA88F74-0124-435E-826C-9F182C1EDA8A}.Release|Any CPU.ActiveCfg = Release|Any CPU
		{3FA88F74-0124-435E-826C-9F182C1EDA8A}.Release|Any CPU.Build.0 = Release|Any CPU
		{D01552EE-6033-45C1-9588-0E0126DF1F1E}.Debug|Any CPU.ActiveCfg = Debug|Any CPU
		{D01552EE-6033-45C1-9588-0E0126DF1F1E}.Debug|Any CPU.Build.0 = Debug|Any CPU
		{D01552EE-6033-45C1-9588-0E0126DF1F1E}.Release|Any CPU.ActiveCfg = Release|Any CPU
		{D01552EE-6033-45C1-9588-0E0126DF1F1E}.Release|Any CPU.Build.0 = Release|Any CPU
		{387B72B0-819D-4ECB-931A-25C9E934DADB}.Debug|Any CPU.ActiveCfg = Debug|Any CPU
		{387B72B0-819D-4ECB-931A-25C9E934DADB}.Debug|Any CPU.Build.0 = Debug|Any CPU
		{387B72B0-819D-4ECB-931A-25C9E934DADB}.Release|Any CPU.ActiveCfg = Release|Any CPU
		{387B72B0-819D-4ECB-931A-25C9E934DADB}.Release|Any CPU.Build.0 = Release|Any CPU
		{4C33389D-87D2-4724-95AB-66BA13EA9338}.Debug|Any CPU.ActiveCfg = Debug|Any CPU
		{4C33389D-87D2-4724-95AB-66BA13EA9338}.Debug|Any CPU.Build.0 = Debug|Any CPU
		{4C33389D-87D2-4724-95AB-66BA13EA9338}.Release|Any CPU.ActiveCfg = Release|Any CPU
		{4C33389D-87D2-4724-95AB-66BA13EA9338}.Release|Any CPU.Build.0 = Release|Any CPU
		{2BF8CC6B-7B27-4868-BE82-8C2DD81398EC}.Debug|Any CPU.ActiveCfg = Debug|Any CPU
		{2BF8CC6B-7B27-4868-BE82-8C2DD81398EC}.Debug|Any CPU.Build.0 = Debug|Any CPU
		{2BF8CC6B-7B27-4868-BE82-8C2DD81398EC}.Release|Any CPU.ActiveCfg = Release|Any CPU
		{2BF8CC6B-7B27-4868-BE82-8C2DD81398EC}.Release|Any CPU.Build.0 = Release|Any CPU
		{CC9BF33F-4134-41D5-A522-0093BC050825}.Debug|Any CPU.ActiveCfg = Debug|Any CPU
		{CC9BF33F-4134-41D5-A522-0093BC050825}.Debug|Any CPU.Build.0 = Debug|Any CPU
		{CC9BF33F-4134-41D5-A522-0093BC050825}.Release|Any CPU.ActiveCfg = Release|Any CPU
		{CC9BF33F-4134-41D5-A522-0093BC050825}.Release|Any CPU.Build.0 = Release|Any CPU
		{EC27267A-255D-4676-B245-7BE1F4223745}.Debug|Any CPU.ActiveCfg = Debug|Any CPU
		{EC27267A-255D-4676-B245-7BE1F4223745}.Debug|Any CPU.Build.0 = Debug|Any CPU
		{EC27267A-255D-4676-B245-7BE1F4223745}.Release|Any CPU.ActiveCfg = Release|Any CPU
		{EC27267A-255D-4676-B245-7BE1F4223745}.Release|Any CPU.Build.0 = Release|Any CPU
		{3977C85E-6B8F-4D99-80FD-F30B4B445775}.Debug|Any CPU.ActiveCfg = Debug|Any CPU
		{3977C85E-6B8F-4D99-80FD-F30B4B445775}.Debug|Any CPU.Build.0 = Debug|Any CPU
		{3977C85E-6B8F-4D99-80FD-F30B4B445775}.Release|Any CPU.ActiveCfg = Release|Any CPU
		{3977C85E-6B8F-4D99-80FD-F30B4B445775}.Release|Any CPU.Build.0 = Release|Any CPU
		{3CA846A6-349E-46F9-B083-B052FAF92B47}.Debug|Any CPU.ActiveCfg = Debug|Any CPU
		{3CA846A6-349E-46F9-B083-B052FAF92B47}.Debug|Any CPU.Build.0 = Debug|Any CPU
		{3CA846A6-349E-46F9-B083-B052FAF92B47}.Release|Any CPU.ActiveCfg = Release|Any CPU
		{3CA846A6-349E-46F9-B083-B052FAF92B47}.Release|Any CPU.Build.0 = Release|Any CPU
		{483661FA-262E-4FB2-88BC-EF29170C5C8C}.Debug|Any CPU.ActiveCfg = Debug|Any CPU
		{483661FA-262E-4FB2-88BC-EF29170C5C8C}.Debug|Any CPU.Build.0 = Debug|Any CPU
		{483661FA-262E-4FB2-88BC-EF29170C5C8C}.Release|Any CPU.ActiveCfg = Release|Any CPU
		{483661FA-262E-4FB2-88BC-EF29170C5C8C}.Release|Any CPU.Build.0 = Release|Any CPU
	EndGlobalSection
	GlobalSection(SolutionProperties) = preSolution
		HideSolutionNode = FALSE
	EndGlobalSection
	GlobalSection(NestedProjects) = preSolution
		{5C4A081C-4776-4994-89F3-E4152C777EFA} = {79433D1B-E570-4260-A0D1-D2C4B06702BD}
		{58F3C5B7-D250-450A-99D6-606771AA4DA6} = {8DF9FC36-7E87-4797-8325-9179C049FD2C}
		{3FA88F74-0124-435E-826C-9F182C1EDA8A} = {8DF9FC36-7E87-4797-8325-9179C049FD2C}
		{D01552EE-6033-45C1-9588-0E0126DF1F1E} = {8DF9FC36-7E87-4797-8325-9179C049FD2C}
		{387B72B0-819D-4ECB-931A-25C9E934DADB} = {8DF9FC36-7E87-4797-8325-9179C049FD2C}
		{4C33389D-87D2-4724-95AB-66BA13EA9338} = {E4CB65D1-5266-432A-888F-E8CACE4E52F6}
		{2BF8CC6B-7B27-4868-BE82-8C2DD81398EC} = {E4CB65D1-5266-432A-888F-E8CACE4E52F6}
		{CC9BF33F-4134-41D5-A522-0093BC050825} = {76750E1C-1DC9-4C05-AD01-9743BC1F697C}
		{EC27267A-255D-4676-B245-7BE1F4223745} = {8DF9FC36-7E87-4797-8325-9179C049FD2C}
		{3977C85E-6B8F-4D99-80FD-F30B4B445775} = {76750E1C-1DC9-4C05-AD01-9743BC1F697C}
		{3CA846A6-349E-46F9-B083-B052FAF92B47} = {76750E1C-1DC9-4C05-AD01-9743BC1F697C}
		{483661FA-262E-4FB2-88BC-EF29170C5C8C} = {E4CB65D1-5266-432A-888F-E8CACE4E52F6}
	EndGlobalSection
	GlobalSection(ExtensibilityGlobals) = postSolution
		SolutionGuid = {1889C393-DDA4-4DFB-A673-76CDC856705C}
	EndGlobalSection
EndGlobal
